
Microsoft Visual Studio Solution File, Format Version 12.00
# Visual Studio 15
VisualStudioVersion = 15.0.28010.2046
MinimumVisualStudioVersion = 10.0.40219.1
Project("{FAE04EC0-301F-11D3-BF4B-00C04F79EFBC}") = "MsalDemo.WebApi", "MsalDemo.WebApi\MsalDemo.WebApi.csproj", "{66F02EF0-16BB-4FA1-9563-50183AABF1C8}"
EndProject
Global
	GlobalSection(SolutionConfigurationPlatforms) = preSolution
		Debug|Any CPU = Debug|Any CPU
		Release|Any CPU = Release|Any CPU
	EndGlobalSection
	GlobalSection(ProjectConfigurationPlatforms) = postSolution
		{66F02EF0-16BB-4FA1-9563-50183AABF1C8}.Debug|Any CPU.ActiveCfg = Debug|Any CPU
		{66F02EF0-16BB-4FA1-9563-50183AABF1C8}.Debug|Any CPU.Build.0 = Debug|Any CPU
		{66F02EF0-16BB-4FA1-9563-50183AABF1C8}.Release|Any CPU.ActiveCfg = Release|Any CPU
		{66F02EF0-16BB-4FA1-9563-50183AABF1C8}.Release|Any CPU.Build.0 = Release|Any CPU
	EndGlobalSection
	GlobalSection(SolutionProperties) = preSolution
		HideSolutionNode = FALSE
	EndGlobalSection
	GlobalSection(ExtensibilityGlobals) = postSolution
		SolutionGuid = {B31DD269-F507-4BB4-AC35-BD263924C6A8}
	EndGlobalSection
EndGlobal
